
Microsoft Visual Studio Solution File, Format Version 12.00
# Visual Studio Version 16
VisualStudioVersion = 16.0.31205.134
MinimumVisualStudioVersion = 10.0.40219.1
Project("{FAE04EC0-301F-11D3-BF4B-00C04F79EFBC}") = "總整理", "總整理\總整理.csproj", "{B07CB8FA-15FD-4B67-B86F-3BB82FB4414F}"
EndProject
Global
	GlobalSection(SolutionConfigurationPlatforms) = preSolution
		Debug|Any CPU = Debug|Any CPU
		Release|Any CPU = Release|Any CPU
	EndGlobalSection
	GlobalSection(ProjectConfigurationPlatforms) = postSolution
		{B07CB8FA-15FD-4B67-B86F-3BB82FB4414F}.Debug|Any CPU.ActiveCfg = Debug|Any CPU
		{B07CB8FA-15FD-4B67-B86F-3BB82FB4414F}.Debug|Any CPU.Build.0 = Debug|Any CPU
		{B07CB8FA-15FD-4B67-B86F-3BB82FB4414F}.Release|Any CPU.ActiveCfg = Release|Any CPU
		{B07CB8FA-15FD-4B67-B86F-3BB82FB4414F}.Release|Any CPU.Build.0 = Release|Any CPU
	EndGlobalSection
	GlobalSection(SolutionProperties) = preSolution
		HideSolutionNode = FALSE
	EndGlobalSection
	GlobalSection(ExtensibilityGlobals) = postSolution
		SolutionGuid = {7F29C5DC-2B7D-4662-A428-F7F48D993B7F}
	EndGlobalSection
EndGlobal
